// !$*UTF8*$!
{
	archiveVersion = 1;
	classes = {
	};
	objectVersion = 50;
	objects = {

/* Begin PBXBuildFile section */
		810F9FA522A82CF4002FDFC5 /* AppDelegate.swift in Sources */ = {isa = PBXBuildFile; fileRef = 810F9FA422A82CF4002FDFC5 /* AppDelegate.swift */; };
		810F9FA722A82CF4002FDFC5 /* FirstViewController.swift in Sources */ = {isa = PBXBuildFile; fileRef = 810F9FA622A82CF4002FDFC5 /* FirstViewController.swift */; };
		810F9FA922A82CF4002FDFC5 /* SecondViewController.swift in Sources */ = {isa = PBXBuildFile; fileRef = 810F9FA822A82CF4002FDFC5 /* SecondViewController.swift */; };
		810F9FAC22A82CF5002FDFC5 /* Main.storyboard in Resources */ = {isa = PBXBuildFile; fileRef = 810F9FAA22A82CF5002FDFC5 /* Main.storyboard */; };
		810F9FAE22A82CF7002FDFC5 /* Assets.xcassets in Resources */ = {isa = PBXBuildFile; fileRef = 810F9FAD22A82CF7002FDFC5 /* Assets.xcassets */; };
		810F9FB122A82CF7002FDFC5 /* LaunchScreen.storyboard in Resources */ = {isa = PBXBuildFile; fileRef = 810F9FAF22A82CF7002FDFC5 /* LaunchScreen.storyboard */; };
		8138AD2222B2C31000920147 /* XMLParser.swift in Sources */ = {isa = PBXBuildFile; fileRef = 8138AD2122B2C31000920147 /* XMLParser.swift */; };
		8138AD2422B2D69000920147 /* TerremotoTableViewController.swift in Sources */ = {isa = PBXBuildFile; fileRef = 8138AD2322B2D69000920147 /* TerremotoTableViewController.swift */; };
		818E4E1C22B95E4C00ADC9E0 /* DiaTerremotoViewController.swift in Sources */ = {isa = PBXBuildFile; fileRef = 818E4E1B22B95E4C00ADC9E0 /* DiaTerremotoViewController.swift */; };
		81961B8322B4174E00E3B6FB /* TerremotoViewCell.swift in Sources */ = {isa = PBXBuildFile; fileRef = 81961B8222B4174E00E3B6FB /* TerremotoViewCell.swift */; };
/* End PBXBuildFile section */

/* Begin PBXFileReference section */
		810F9FA122A82CF4002FDFC5 /* ultimoto.app */ = {isa = PBXFileReference; explicitFileType = wrapper.application; includeInIndex = 0; path = ultimoto.app; sourceTree = BUILT_PRODUCTS_DIR; };
		810F9FA422A82CF4002FDFC5 /* AppDelegate.swift */ = {isa = PBXFileReference; lastKnownFileType = sourcecode.swift; path = AppDelegate.swift; sourceTree = "<group>"; };
		810F9FA622A82CF4002FDFC5 /* FirstViewController.swift */ = {isa = PBXFileReference; lastKnownFileType = sourcecode.swift; path = FirstViewController.swift; sourceTree = "<group>"; };
		810F9FA822A82CF4002FDFC5 /* SecondViewController.swift */ = {isa = PBXFileReference; lastKnownFileType = sourcecode.swift; path = SecondViewController.swift; sourceTree = "<group>"; };
		810F9FAB22A82CF5002FDFC5 /* Base */ = {isa = PBXFileReference; lastKnownFileType = file.storyboard; name = Base; path = Base.lproj/Main.storyboard; sourceTree = "<group>"; };
		810F9FAD22A82CF7002FDFC5 /* Assets.xcassets */ = {isa = PBXFileReference; lastKnownFileType = folder.assetcatalog; path = Assets.xcassets; sourceTree = "<group>"; };
		810F9FB022A82CF7002FDFC5 /* Base */ = {isa = PBXFileReference; lastKnownFileType = file.storyboard; name = Base; path = Base.lproj/LaunchScreen.storyboard; sourceTree = "<group>"; };
		810F9FB222A82CF7002FDFC5 /* Info.plist */ = {isa = PBXFileReference; lastKnownFileType = text.plist.xml; path = Info.plist; sourceTree = "<group>"; };
		8138AD2122B2C31000920147 /* XMLParser.swift */ = {isa = PBXFileReference; lastKnownFileType = sourcecode.swift; path = XMLParser.swift; sourceTree = "<group>"; };
		8138AD2322B2D69000920147 /* TerremotoTableViewController.swift */ = {isa = PBXFileReference; lastKnownFileType = sourcecode.swift; path = TerremotoTableViewController.swift; sourceTree = "<group>"; };
		818E4E1B22B95E4C00ADC9E0 /* DiaTerremotoViewController.swift */ = {isa = PBXFileReference; lastKnownFileType = sourcecode.swift; path = DiaTerremotoViewController.swift; sourceTree = "<group>"; };
		81961B8222B4174E00E3B6FB /* TerremotoViewCell.swift */ = {isa = PBXFileReference; lastKnownFileType = sourcecode.swift; path = TerremotoViewCell.swift; sourceTree = "<group>"; };
/* End PBXFileReference section */

/* Begin PBXFrameworksBuildPhase section */
		810F9F9E22A82CF4002FDFC5 /* Frameworks */ = {
			isa = PBXFrameworksBuildPhase;
			buildActionMask = 2147483647;
			files = (
			);
			runOnlyForDeploymentPostprocessing = 0;
		};
/* End PBXFrameworksBuildPhase section */

/* Begin PBXGroup section */
		810F9F9822A82CF4002FDFC5 = {
			isa = PBXGroup;
			children = (
				810F9FA322A82CF4002FDFC5 /* ultimoto */,
				810F9FA222A82CF4002FDFC5 /* Products */,
			);
			sourceTree = "<group>";
		};
		810F9FA222A82CF4002FDFC5 /* Products */ = {
			isa = PBXGroup;
			children = (
				810F9FA122A82CF4002FDFC5 /* ultimoto.app */,
			);
			name = Products;
			sourceTree = "<group>";
		};
		810F9FA322A82CF4002FDFC5 /* ultimoto */ = {
			isa = PBXGroup;
			children = (
				810F9FA422A82CF4002FDFC5 /* AppDelegate.swift */,
				810F9FA622A82CF4002FDFC5 /* FirstViewController.swift */,
				810F9FA822A82CF4002FDFC5 /* SecondViewController.swift */,
				810F9FAA22A82CF5002FDFC5 /* Main.storyboard */,
				810F9FAD22A82CF7002FDFC5 /* Assets.xcassets */,
				810F9FAF22A82CF7002FDFC5 /* LaunchScreen.storyboard */,
				810F9FB222A82CF7002FDFC5 /* Info.plist */,
				8138AD2122B2C31000920147 /* XMLParser.swift */,
				8138AD2322B2D69000920147 /* TerremotoTableViewController.swift */,
				81961B8222B4174E00E3B6FB /* TerremotoViewCell.swift */,
				818E4E1B22B95E4C00ADC9E0 /* DiaTerremotoViewController.swift */,
			);
			path = ultimoto;
			sourceTree = "<group>";
		};
/* End PBXGroup section */

/* Begin PBXNativeTarget section */
		810F9FA022A82CF4002FDFC5 /* ultimoto */ = {
			isa = PBXNativeTarget;
			buildConfigurationList = 810F9FB522A82CF7002FDFC5 /* Build configuration list for PBXNativeTarget "ultimoto" */;
			buildPhases = (
				810F9F9D22A82CF4002FDFC5 /* Sources */,
				810F9F9E22A82CF4002FDFC5 /* Frameworks */,
				810F9F9F22A82CF4002FDFC5 /* Resources */,
			);
			buildRules = (
			);
			dependencies = (
			);
			name = ultimoto;
			productName = ultimoto;
			productReference = 810F9FA122A82CF4002FDFC5 /* ultimoto.app */;
			productType = "com.apple.product-type.application";
		};
/* End PBXNativeTarget section */

/* Begin PBXProject section */
		810F9F9922A82CF4002FDFC5 /* Project object */ = {
			isa = PBXProject;
			attributes = {
				LastSwiftUpdateCheck = 1010;
				LastUpgradeCheck = 1010;
				ORGANIZATIONNAME = Dave;
				TargetAttributes = {
					810F9FA022A82CF4002FDFC5 = {
						CreatedOnToolsVersion = 10.1;
					};
				};
			};
			buildConfigurationList = 810F9F9C22A82CF4002FDFC5 /* Build configuration list for PBXProject "ultimoto" */;
			compatibilityVersion = "Xcode 9.3";
			developmentRegion = en;
			hasScannedForEncodings = 0;
			knownRegions = (
				en,
				Base,
			);
			mainGroup = 810F9F9822A82CF4002FDFC5;
			productRefGroup = 810F9FA222A82CF4002FDFC5 /* Products */;
			projectDirPath = "";
			projectRoot = "";
			targets = (
				810F9FA022A82CF4002FDFC5 /* ultimoto */,
			);
		};
/* End PBXProject section */

/* Begin PBXResourcesBuildPhase section */
		810F9F9F22A82CF4002FDFC5 /* Resources */ = {
			isa = PBXResourcesBuildPhase;
			buildActionMask = 2147483647;
			files = (
				810F9FB122A82CF7002FDFC5 /* LaunchScreen.storyboard in Resources */,
				810F9FAE22A82CF7002FDFC5 /* Assets.xcassets in Resources */,
				810F9FAC22A82CF5002FDFC5 /* Main.storyboard in Resources */,
			);
			runOnlyForDeploymentPostprocessing = 0;
		};
/* End PBXResourcesBuildPhase section */

/* Begin PBXSourcesBuildPhase section */
		810F9F9D22A82CF4002FDFC5 /* Sources */ = {
			isa = PBXSourcesBuildPhase;
			buildActionMask = 2147483647;
			files = (
				81961B8322B4174E00E3B6FB /* TerremotoViewCell.swift in Sources */,
				8138AD2222B2C31000920147 /* XMLParser.swift in Sources */,
				818E4E1C22B95E4C00ADC9E0 /* DiaTerremotoViewController.swift in Sources */,
				8138AD2422B2D69000920147 /* TerremotoTableViewController.swift in Sources */,
				810F9FA922A82CF4002FDFC5 /* SecondViewController.swift in Sources */,
				810F9FA522A82CF4002FDFC5 /* AppDelegate.swift in Sources */,
				810F9FA722A82CF4002FDFC5 /* FirstViewController.swift in Sources */,
			);
			runOnlyForDeploymentPostprocessing = 0;
		};
/* End PBXSourcesBuildPhase section */

/* Begin PBXVariantGroup section */
		810F9FAA22A82CF5002FDFC5 /* Main.storyboard */ = {
			isa = PBXVariantGroup;
			children = (
				810F9FAB22A82CF5002FDFC5 /* Base */,
			);
			name = Main.storyboard;
			sourceTree = "<group>";
		};
		810F9FAF22A82CF7002FDFC5 /* LaunchScreen.storyboard */ = {
			isa = PBXVariantGroup;
			children = (
				810F9FB022A82CF7002FDFC5 /* Base */,
			);
			name = LaunchScreen.storyboard;
			sourceTree = "<group>";
		};
/* End PBXVariantGroup section */

/* Begin XCBuildConfiguration section */
		810F9FB322A82CF7002FDFC5 /* Debug */ = {
			isa = XCBuildConfiguration;
			buildSettings = {
				ALWAYS_SEARCH_USER_PATHS = NO;
				CLANG_ANALYZER_NONNULL = YES;
				CLANG_ANALYZER_NUMBER_OBJECT_CONVERSION = YES_AGGRESSIVE;
				CLANG_CXX_LANGUAGE_STANDARD = "gnu++14";
				CLANG_CXX_LIBRARY = "libc++";
				CLANG_ENABLE_MODULES = YES;
				CLANG_ENABLE_OBJC_ARC = YES;
				CLANG_ENABLE_OBJC_WEAK = YES;
				CLANG_WARN_BLOCK_CAPTURE_AUTORELEASING = YES;
				CLANG_WARN_BOOL_CONVERSION = YES;
				CLANG_WARN_COMMA = YES;
				CLANG_WARN_CONSTANT_CONVERSION = YES;
				CLANG_WARN_DEPRECATED_OBJC_IMPLEMENTATIONS = YES;
				CLANG_WARN_DIRECT_OBJC_ISA_USAGE = YES_ERROR;
				CLANG_WARN_DOCUMENTATION_COMMENTS = YES;
				CLANG_WARN_EMPTY_BODY = YES;
				CLANG_WARN_ENUM_CONVERSION = YES;
				CLANG_WARN_INFINITE_RECURSION = YES;
				CLANG_WARN_INT_CONVERSION = YES;
				CLANG_WARN_NON_LITERAL_NULL_CONVERSION = YES;
				CLANG_WARN_OBJC_IMPLICIT_RETAIN_SELF = YES;
				CLANG_WARN_OBJC_LITERAL_CONVERSION = YES;
				CLANG_WARN_OBJC_ROOT_CLASS = YES_ERROR;
				CLANG_WARN_RANGE_LOOP_ANALYSIS = YES;
				CLANG_WARN_STRICT_PROTOTYPES = YES;
				CLANG_WARN_SUSPICIOUS_MOVE = YES;
				CLANG_WARN_UNGUARDED_AVAILABILITY = YES_AGGRESSIVE;
				CLANG_WARN_UNREACHABLE_CODE = YES;
				CLANG_WARN__DUPLICATE_METHOD_MATCH = YES;
				CODE_SIGN_IDENTITY = "iPhone Developer";
				COPY_PHASE_STRIP = NO;
				DEBUG_INFORMATION_FORMAT = dwarf;
				ENABLE_STRICT_OBJC_MSGSEND = YES;
				ENABLE_TESTABILITY = YES;
				GCC_C_LANGUAGE_STANDARD = gnu11;
				GCC_DYNAMIC_NO_PIC = NO;
				GCC_NO_COMMON_BLOCKS = YES;
				GCC_OPTIMIZATION_LEVEL = 0;
				GCC_PREPROCESSOR_DEFINITIONS = (
					"DEBUG=1",
					"$(inherited)",
				);
				GCC_WARN_64_TO_32_BIT_CONVERSION = YES;
				GCC_WARN_ABOUT_RETURN_TYPE = YES_ERROR;
				GCC_WARN_UNDECLARED_SELECTOR = YES;
				GCC_WARN_UNINITIALIZED_AUTOS = YES_AGGRESSIVE;
				GCC_WARN_UNUSED_FUNCTION = YES;
				GCC_WARN_UNUSED_VARIABLE = YES;
				IPHONEOS_DEPLOYMENT_TARGET = 12.1;
				MTL_ENABLE_DEBUG_INFO = INCLUDE_SOURCE;
				MTL_FAST_MATH = YES;
				ONLY_ACTIVE_ARCH = YES;
				SDKROOT = iphoneos;
				SWIFT_ACTIVE_COMPILATION_CONDITIONS = DEBUG;
				SWIFT_OPTIMIZATION_LEVEL = "-Onone";
			};
			name = Debug;
		};
		810F9FB422A82CF7002FDFC5 /* Release */ = {
			isa = XCBuildConfiguration;
			buildSettings = {
				ALWAYS_SEARCH_USER_PATHS = NO;
				CLANG_ANALYZER_NONNULL = YES;
				CLANG_ANALYZER_NUMBER_OBJECT_CONVERSION = YES_AGGRESSIVE;
				CLANG_CXX_LANGUAGE_STANDARD = "gnu++14";
				CLANG_CXX_LIBRARY = "libc++";
				CLANG_ENABLE_MODULES = YES;
				CLANG_ENABLE_OBJC_ARC = YES;
				CLANG_ENABLE_OBJC_WEAK = YES;
				CLANG_WARN_BLOCK_CAPTURE_AUTORELEASING = YES;
				CLANG_WARN_BOOL_CONVERSION = YES;
				CLANG_WARN_COMMA = YES;
				CLANG_WARN_CONSTANT_CONVERSION = YES;
				CLANG_WARN_DEPRECATED_OBJC_IMPLEMENTATIONS = YES;
				CLANG_WARN_DIRECT_OBJC_ISA_USAGE = YES_ERROR;
				CLANG_WARN_DOCUMENTATION_COMMENTS = YES;
				CLANG_WARN_EMPTY_BODY = YES;
				CLANG_WARN_ENUM_CONVERSION = YES;
				CLANG_WARN_INFINITE_RECURSION = YES;
				CLANG_WARN_INT_CONVERSION = YES;
				CLANG_WARN_NON_LITERAL_NULL_CONVERSION = YES;
				CLANG_WARN_OBJC_IMPLICIT_RETAIN_SELF = YES;
				CLANG_WARN_OBJC_LITERAL_CONVERSION = YES;
				CLANG_WARN_OBJC_ROOT_CLASS = YES_ERROR;
				CLANG_WARN_RANGE_LOOP_ANALYSIS = YES;
				CLANG_WARN_STRICT_PROTOTYPES = YES;
				CLANG_WARN_SUSPICIOUS_MOVE = YES;
				CLANG_WARN_UNGUARDED_AVAILABILITY = YES_AGGRESSIVE;
				CLANG_WARN_UNREACHABLE_CODE = YES;
				CLANG_WARN__DUPLICATE_METHOD_MATCH = YES;
				CODE_SIGN_IDENTITY = "iPhone Developer";
				COPY_PHASE_STRIP = NO;
				DEBUG_INFORMATION_FORMAT = "dwarf-with-dsym";
				ENABLE_NS_ASSERTIONS = NO;
				ENABLE_STRICT_OBJC_MSGSEND = YES;
				GCC_C_LANGUAGE_STANDARD = gnu11;
				GCC_NO_COMMON_BLOCKS = YES;
				GCC_WARN_64_TO_32_BIT_CONVERSION = YES;
				GCC_WARN_ABOUT_RETURN_TYPE = YES_ERROR;
				GCC_WARN_UNDECLARED_SELECTOR = YES;
				GCC_WARN_UNINITIALIZED_AUTOS = YES_AGGRESSIVE;
				GCC_WARN_UNUSED_FUNCTION = YES;
				GCC_WARN_UNUSED_VARIABLE = YES;
				IPHONEOS_DEPLOYMENT_TARGET = 12.1;
				MTL_ENABLE_DEBUG_INFO = NO;
				MTL_FAST_MATH = YES;
				SDKROOT = iphoneos;
				SWIFT_COMPILATION_MODE = wholemodule;
				SWIFT_OPTIMIZATION_LEVEL = "-O";
				VALIDATE_PRODUCT = YES;
			};
			name = Release;
		};
		810F9FB622A82CF7002FDFC5 /* Debug */ = {
			isa = XCBuildConfiguration;
			buildSettings = {
				ASSETCATALOG_COMPILER_APPICON_NAME = AppIcon;
				CODE_SIGN_STYLE = Automatic;
				INFOPLIST_FILE = ultimoto/Info.plist;
				LD_RUNPATH_SEARCH_PATHS = (
					"$(inherited)",
					"@executable_path/Frameworks",
				);
				PRODUCT_BUNDLE_IDENTIFIER = mydave.ultimoto;
				PRODUCT_NAME = "$(TARGET_NAME)";
				SWIFT_VERSION = 4.2;
				TARGETED_DEVICE_FAMILY = "1,2";
			};
			name = Debug;
		};
		810F9FB722A82CF7002FDFC5 /* Release */ = {
			isa = XCBuildConfiguration;
			buildSettings = {
				ASSETCATALOG_COMPILER_APPICON_NAME = AppIcon;
				CODE_SIGN_STYLE = Automatic;
				INFOPLIST_FILE = ultimoto/Info.plist;
				LD_RUNPATH_SEARCH_PATHS = (
					"$(inherited)",
					"@executable_path/Frameworks",
				);
				PRODUCT_BUNDLE_IDENTIFIER = mydave.ultimoto;
				PRODUCT_NAME = "$(TARGET_NAME)";
				SWIFT_VERSION = 4.2;
				TARGETED_DEVICE_FAMILY = "1,2";
			};
			name = Release;
		};
/* End XCBuildConfiguration section */

/* Begin XCConfigurationList section */
		810F9F9C22A82CF4002FDFC5 /* Build configuration list for PBXProject "ultimoto" */ = {
			isa = XCConfigurationList;
			buildConfigurations = (
				810F9FB322A82CF7002FDFC5 /* Debug */,
				810F9FB422A82CF7002FDFC5 /* Release */,
			);
			defaultConfigurationIsVisible = 0;
			defaultConfigurationName = Release;
		};
		810F9FB522A82CF7002FDFC5 /* Build configuration list for PBXNativeTarget "ultimoto" */ = {
			isa = XCConfigurationList;
			buildConfigurations = (
				810F9FB622A82CF7002FDFC5 /* Debug */,
				810F9FB722A82CF7002FDFC5 /* Release */,
			);
			defaultConfigurationIsVisible = 0;
			defaultConfigurationName = Release;
		};
/* End XCConfigurationList section */
	};
	rootObject = 810F9F9922A82CF4002FDFC5 /* Project object */;
}
